
Microsoft Visual Studio Solution File, Format Version 12.00
Project("{2150E333-8FDC-42A3-9474-1A3956D46DE8}") = "packages", "packages", "{3E27C594-F907-432C-BE96-F91B94BE69CA}"
EndProject
Project("{2150E333-8FDC-42A3-9474-1A3956D46DE8}") = "samples", "samples", "{D5D17705-BB13-4D62-A98C-D16B2233D0B0}"
EndProject
Project("{2150E333-8FDC-42A3-9474-1A3956D46DE8}") = "tests", "tests", "{E00A219A-F884-408B-BE30-0CCA4841F5FE}"
EndProject
Project("{FAE04EC0-301F-11D3-BF4B-00C04F79EFBC}") = "FlowLite.Console", "samples\FlowLite.Console\FlowLite.Console.csproj", "{937F9A8B-EF47-4B31-A67E-20DB81347BC1}"
EndProject
Project("{2150E333-8FDC-42A3-9474-1A3956D46DE8}") = "Solution Items", "Solution Items", "{147108F5-A2CA-445D-B105-2A3010A7874B}"
EndProject
Project("{FAE04EC0-301F-11D3-BF4B-00C04F79EFBC}") = "FlowLite.Core.Tests", "tests\FlowLite.Core.Tests\FlowLite.Core.Tests.csproj", "{B0B6078A-F9BF-45E3-B906-6A81652C937E}"
EndProject
Project("{2150E333-8FDC-42A3-9474-1A3956D46DE8}") = "orders", "orders", "{0C20632B-A90E-4359-AE27-DF7B474F8131}"
EndProject
Project("{FAE04EC0-301F-11D3-BF4B-00C04F79EFBC}") = "OrderGateway.Api", "samples\orders\OrderGateway.Api\OrderGateway.Api.csproj", "{EDFAA8F4-559E-41B1-A2C7-C4CA26F12AB8}"
EndProject
Project("{FAE04EC0-301F-11D3-BF4B-00C04F79EFBC}") = "OrderGateway.Api.Abstractions", "samples\orders\OrderGateway.Api.Abstractions\OrderGateway.Api.Abstractions.csproj", "{76122E76-0312-4B38-935F-7AFDBBEE6307}"
EndProject
Project("{FAE04EC0-301F-11D3-BF4B-00C04F79EFBC}") = "Orders.Processor", "samples\orders\Orders.Processor\Orders.Processor.csproj", "{B99EC4AE-18C3-4217-8CF6-4324A7963C11}"
EndProject
Project("{2150E333-8FDC-42A3-9474-1A3956D46DE8}") = "tools", "tools", "{E8A4C083-BD86-43D5-A178-86B8FBFC3503}"
EndProject
Project("{FAE04EC0-301F-11D3-BF4B-00C04F79EFBC}") = "FlowLite.Diag", "tools\FlowLite.Diag\FlowLite.Diag.csproj", "{D40353EB-D09E-485D-9076-E9D3B45A6E48}"
EndProject
Project("{FAE04EC0-301F-11D3-BF4B-00C04F79EFBC}") = "FlowLite.Core", "package\FlowLite.Core\FlowLite.Core.csproj", "{B1849C58-0D97-4A13-B7DE-2DB970F06B22}"
EndProject
Project("{FAE04EC0-301F-11D3-BF4B-00C04F79EFBC}") = "FlowLite.Core.Abstractions", "package\FlowLite.Core.Abstractions\FlowLite.Core.Abstractions.csproj", "{714AB105-572E-434D-A30A-49C68A0E948F}"
EndProject
Project("{FAE04EC0-301F-11D3-BF4B-00C04F79EFBC}") = "FlowLite.Diag.Tests", "tests\FlowLite.Diag.Tests\FlowLite.Diag.Tests.csproj", "{A2586A50-87D7-4935-850D-E4B7A7F8D2C0}"
EndProject
Project("{FAE04EC0-301F-11D3-BF4B-00C04F79EFBC}") = "FlowLite.Testing", "package\FlowLite.Testing\FlowLite.Testing.csproj", "{0D3FA861-1332-49F7-9EE2-2AFF3A0FB1F8}"
EndProject
Project("{FAE04EC0-301F-11D3-BF4B-00C04F79EFBC}") = "Orders.Processor.Tests", "samples\orders\Orders.Processor.Tests\Orders.Processor.Tests.csproj", "{D3FB13AF-441E-430A-AE74-71836C4F2573}"
EndProject
Project("{FAE04EC0-301F-11D3-BF4B-00C04F79EFBC}") = "FlowLite.Diagnostics", "package\FlowLite.Diagnostics\FlowLite.Diagnostics.csproj", "{8024FECA-8198-481D-9A2A-0C8AA1485FDB}"
EndProject
Global
	GlobalSection(SolutionConfigurationPlatforms) = preSolution
		Debug|Any CPU = Debug|Any CPU
		Release|Any CPU = Release|Any CPU
	EndGlobalSection
	GlobalSection(ProjectConfigurationPlatforms) = postSolution
		{937F9A8B-EF47-4B31-A67E-20DB81347BC1}.Debug|Any CPU.ActiveCfg = Debug|Any CPU
		{937F9A8B-EF47-4B31-A67E-20DB81347BC1}.Debug|Any CPU.Build.0 = Debug|Any CPU
		{937F9A8B-EF47-4B31-A67E-20DB81347BC1}.Release|Any CPU.ActiveCfg = Release|Any CPU
		{937F9A8B-EF47-4B31-A67E-20DB81347BC1}.Release|Any CPU.Build.0 = Release|Any CPU
		{B0B6078A-F9BF-45E3-B906-6A81652C937E}.Debug|Any CPU.ActiveCfg = Debug|Any CPU
		{B0B6078A-F9BF-45E3-B906-6A81652C937E}.Debug|Any CPU.Build.0 = Debug|Any CPU
		{B0B6078A-F9BF-45E3-B906-6A81652C937E}.Release|Any CPU.ActiveCfg = Release|Any CPU
		{B0B6078A-F9BF-45E3-B906-6A81652C937E}.Release|Any CPU.Build.0 = Release|Any CPU
		{EDFAA8F4-559E-41B1-A2C7-C4CA26F12AB8}.Debug|Any CPU.ActiveCfg = Debug|Any CPU
		{EDFAA8F4-559E-41B1-A2C7-C4CA26F12AB8}.Debug|Any CPU.Build.0 = Debug|Any CPU
		{EDFAA8F4-559E-41B1-A2C7-C4CA26F12AB8}.Release|Any CPU.ActiveCfg = Release|Any CPU
		{EDFAA8F4-559E-41B1-A2C7-C4CA26F12AB8}.Release|Any CPU.Build.0 = Release|Any CPU
		{76122E76-0312-4B38-935F-7AFDBBEE6307}.Debug|Any CPU.ActiveCfg = Debug|Any CPU
		{76122E76-0312-4B38-935F-7AFDBBEE6307}.Debug|Any CPU.Build.0 = Debug|Any CPU
		{76122E76-0312-4B38-935F-7AFDBBEE6307}.Release|Any CPU.ActiveCfg = Release|Any CPU
		{76122E76-0312-4B38-935F-7AFDBBEE6307}.Release|Any CPU.Build.0 = Release|Any CPU
		{B99EC4AE-18C3-4217-8CF6-4324A7963C11}.Debug|Any CPU.ActiveCfg = Debug|Any CPU
		{B99EC4AE-18C3-4217-8CF6-4324A7963C11}.Debug|Any CPU.Build.0 = Debug|Any CPU
		{B99EC4AE-18C3-4217-8CF6-4324A7963C11}.Release|Any CPU.ActiveCfg = Release|Any CPU
		{B99EC4AE-18C3-4217-8CF6-4324A7963C11}.Release|Any CPU.Build.0 = Release|Any CPU
		{D40353EB-D09E-485D-9076-E9D3B45A6E48}.Debug|Any CPU.ActiveCfg = Debug|Any CPU
		{D40353EB-D09E-485D-9076-E9D3B45A6E48}.Debug|Any CPU.Build.0 = Debug|Any CPU
		{D40353EB-D09E-485D-9076-E9D3B45A6E48}.Release|Any CPU.ActiveCfg = Release|Any CPU
		{D40353EB-D09E-485D-9076-E9D3B45A6E48}.Release|Any CPU.Build.0 = Release|Any CPU
		{B1849C58-0D97-4A13-B7DE-2DB970F06B22}.Debug|Any CPU.ActiveCfg = Debug|Any CPU
		{B1849C58-0D97-4A13-B7DE-2DB970F06B22}.Debug|Any CPU.Build.0 = Debug|Any CPU
		{B1849C58-0D97-4A13-B7DE-2DB970F06B22}.Release|Any CPU.ActiveCfg = Release|Any CPU
		{B1849C58-0D97-4A13-B7DE-2DB970F06B22}.Release|Any CPU.Build.0 = Release|Any CPU
		{714AB105-572E-434D-A30A-49C68A0E948F}.Debug|Any CPU.ActiveCfg = Debug|Any CPU
		{714AB105-572E-434D-A30A-49C68A0E948F}.Debug|Any CPU.Build.0 = Debug|Any CPU
		{714AB105-572E-434D-A30A-49C68A0E948F}.Release|Any CPU.ActiveCfg = Release|Any CPU
		{714AB105-572E-434D-A30A-49C68A0E948F}.Release|Any CPU.Build.0 = Release|Any CPU
		{A2586A50-87D7-4935-850D-E4B7A7F8D2C0}.Debug|Any CPU.ActiveCfg = Debug|Any CPU
		{A2586A50-87D7-4935-850D-E4B7A7F8D2C0}.Debug|Any CPU.Build.0 = Debug|Any CPU
		{A2586A50-87D7-4935-850D-E4B7A7F8D2C0}.Release|Any CPU.ActiveCfg = Release|Any CPU
		{A2586A50-87D7-4935-850D-E4B7A7F8D2C0}.Release|Any CPU.Build.0 = Release|Any CPU
		{0D3FA861-1332-49F7-9EE2-2AFF3A0FB1F8}.Debug|Any CPU.ActiveCfg = Debug|Any CPU
		{0D3FA861-1332-49F7-9EE2-2AFF3A0FB1F8}.Debug|Any CPU.Build.0 = Debug|Any CPU
		{0D3FA861-1332-49F7-9EE2-2AFF3A0FB1F8}.Release|Any CPU.ActiveCfg = Release|Any CPU
		{0D3FA861-1332-49F7-9EE2-2AFF3A0FB1F8}.Release|Any CPU.Build.0 = Release|Any CPU
		{D3FB13AF-441E-430A-AE74-71836C4F2573}.Debug|Any CPU.ActiveCfg = Debug|Any CPU
		{D3FB13AF-441E-430A-AE74-71836C4F2573}.Debug|Any CPU.Build.0 = Debug|Any CPU
		{D3FB13AF-441E-430A-AE74-71836C4F2573}.Release|Any CPU.ActiveCfg = Release|Any CPU
		{D3FB13AF-441E-430A-AE74-71836C4F2573}.Release|Any CPU.Build.0 = Release|Any CPU
		{8024FECA-8198-481D-9A2A-0C8AA1485FDB}.Debug|Any CPU.ActiveCfg = Debug|Any CPU
		{8024FECA-8198-481D-9A2A-0C8AA1485FDB}.Debug|Any CPU.Build.0 = Debug|Any CPU
		{8024FECA-8198-481D-9A2A-0C8AA1485FDB}.Release|Any CPU.ActiveCfg = Release|Any CPU
		{8024FECA-8198-481D-9A2A-0C8AA1485FDB}.Release|Any CPU.Build.0 = Release|Any CPU
	EndGlobalSection
	GlobalSection(NestedProjects) = preSolution
		{937F9A8B-EF47-4B31-A67E-20DB81347BC1} = {D5D17705-BB13-4D62-A98C-D16B2233D0B0}
		{B0B6078A-F9BF-45E3-B906-6A81652C937E} = {E00A219A-F884-408B-BE30-0CCA4841F5FE}
		{0C20632B-A90E-4359-AE27-DF7B474F8131} = {D5D17705-BB13-4D62-A98C-D16B2233D0B0}
		{EDFAA8F4-559E-41B1-A2C7-C4CA26F12AB8} = {0C20632B-A90E-4359-AE27-DF7B474F8131}
		{76122E76-0312-4B38-935F-7AFDBBEE6307} = {0C20632B-A90E-4359-AE27-DF7B474F8131}
		{B99EC4AE-18C3-4217-8CF6-4324A7963C11} = {0C20632B-A90E-4359-AE27-DF7B474F8131}
		{D40353EB-D09E-485D-9076-E9D3B45A6E48} = {E8A4C083-BD86-43D5-A178-86B8FBFC3503}
		{A2586A50-87D7-4935-850D-E4B7A7F8D2C0} = {E00A219A-F884-408B-BE30-0CCA4841F5FE}
		{0D3FA861-1332-49F7-9EE2-2AFF3A0FB1F8} = {3E27C594-F907-432C-BE96-F91B94BE69CA}
		{D3FB13AF-441E-430A-AE74-71836C4F2573} = {0C20632B-A90E-4359-AE27-DF7B474F8131}
		{8024FECA-8198-481D-9A2A-0C8AA1485FDB} = {3E27C594-F907-432C-BE96-F91B94BE69CA}
		{714AB105-572E-434D-A30A-49C68A0E948F} = {3E27C594-F907-432C-BE96-F91B94BE69CA}
		{B1849C58-0D97-4A13-B7DE-2DB970F06B22} = {3E27C594-F907-432C-BE96-F91B94BE69CA}
	EndGlobalSection
EndGlobal
